
Microsoft Visual Studio Solution File, Format Version 12.00
# Visual Studio Version 16
VisualStudioVersion = 16.0.30406.217
MinimumVisualStudioVersion = 10.0.40219.1
Project("{FAE04EC0-301F-11D3-BF4B-00C04F79EFBC}") = "ClassDemoTCPServer", "ClassDemoTCPServer\ClassDemoTCPServer.csproj", "{560E5FF8-2DF6-404D-96C0-DFAB6DCB5932}"
EndProject
Global
	GlobalSection(SolutionConfigurationPlatforms) = preSolution
		Debug|Any CPU = Debug|Any CPU
		Release|Any CPU = Release|Any CPU
	EndGlobalSection
	GlobalSection(ProjectConfigurationPlatforms) = postSolution
		{560E5FF8-2DF6-404D-96C0-DFAB6DCB5932}.Debug|Any CPU.ActiveCfg = Debug|Any CPU
		{560E5FF8-2DF6-404D-96C0-DFAB6DCB5932}.Debug|Any CPU.Build.0 = Debug|Any CPU
		{560E5FF8-2DF6-404D-96C0-DFAB6DCB5932}.Release|Any CPU.ActiveCfg = Release|Any CPU
		{560E5FF8-2DF6-404D-96C0-DFAB6DCB5932}.Release|Any CPU.Build.0 = Release|Any CPU
	EndGlobalSection
	GlobalSection(SolutionProperties) = preSolution
		HideSolutionNode = FALSE
	EndGlobalSection
	GlobalSection(ExtensibilityGlobals) = postSolution
		SolutionGuid = {5F3CFC18-3C41-4CCA-BC7B-A5063DC4B38F}
	EndGlobalSection
EndGlobal
